
Microsoft Visual Studio Solution File, Format Version 12.00
# Visual Studio Version 16
VisualStudioVersion = 16.0.31702.278
MinimumVisualStudioVersion = 10.0.40219.1
Project("{FAE04EC0-301F-11D3-BF4B-00C04F79EFBC}") = "Vecka1", "Vecka1\Vecka1.csproj", "{94446971-0AB3-47EE-804D-CA9FA60186CF}"
EndProject
Project("{FAE04EC0-301F-11D3-BF4B-00C04F79EFBC}") = "Vecka2", "Vecka2\Vecka2.csproj", "{BBC429AF-E2AA-4125-BA40-140D2FAE62B2}"
EndProject
Project("{FAE04EC0-301F-11D3-BF4B-00C04F79EFBC}") = "Vecka3", "Vecka3\Vecka3.csproj", "{F50A649E-C5E4-41E6-884B-7B58EE4E7441}"
EndProject
Project("{FAE04EC0-301F-11D3-BF4B-00C04F79EFBC}") = "Vecka4", "Vecka4\Vecka4.csproj", "{30095DB2-0BEB-4BAF-B3D6-04B3CD44E2FC}"
EndProject
Project("{FAE04EC0-301F-11D3-BF4B-00C04F79EFBC}") = "Vecka5", "Vecka5\Vecka5.csproj", "{F7A37EDA-ED5F-46D9-B9EE-84824665D29C}"
EndProject
Global
	GlobalSection(SolutionConfigurationPlatforms) = preSolution
		Debug|Any CPU = Debug|Any CPU
		Release|Any CPU = Release|Any CPU
	EndGlobalSection
	GlobalSection(ProjectConfigurationPlatforms) = postSolution
		{94446971-0AB3-47EE-804D-CA9FA60186CF}.Debug|Any CPU.ActiveCfg = Debug|Any CPU
		{94446971-0AB3-47EE-804D-CA9FA60186CF}.Debug|Any CPU.Build.0 = Debug|Any CPU
		{94446971-0AB3-47EE-804D-CA9FA60186CF}.Release|Any CPU.ActiveCfg = Release|Any CPU
		{94446971-0AB3-47EE-804D-CA9FA60186CF}.Release|Any CPU.Build.0 = Release|Any CPU
		{BBC429AF-E2AA-4125-BA40-140D2FAE62B2}.Debug|Any CPU.ActiveCfg = Debug|Any CPU
		{BBC429AF-E2AA-4125-BA40-140D2FAE62B2}.Debug|Any CPU.Build.0 = Debug|Any CPU
		{BBC429AF-E2AA-4125-BA40-140D2FAE62B2}.Release|Any CPU.ActiveCfg = Release|Any CPU
		{BBC429AF-E2AA-4125-BA40-140D2FAE62B2}.Release|Any CPU.Build.0 = Release|Any CPU
		{F50A649E-C5E4-41E6-884B-7B58EE4E7441}.Debug|Any CPU.ActiveCfg = Debug|Any CPU
		{F50A649E-C5E4-41E6-884B-7B58EE4E7441}.Debug|Any CPU.Build.0 = Debug|Any CPU
		{F50A649E-C5E4-41E6-884B-7B58EE4E7441}.Release|Any CPU.ActiveCfg = Release|Any CPU
		{F50A649E-C5E4-41E6-884B-7B58EE4E7441}.Release|Any CPU.Build.0 = Release|Any CPU
		{30095DB2-0BEB-4BAF-B3D6-04B3CD44E2FC}.Debug|Any CPU.ActiveCfg = Debug|Any CPU
		{30095DB2-0BEB-4BAF-B3D6-04B3CD44E2FC}.Debug|Any CPU.Build.0 = Debug|Any CPU
		{30095DB2-0BEB-4BAF-B3D6-04B3CD44E2FC}.Release|Any CPU.ActiveCfg = Release|Any CPU
		{30095DB2-0BEB-4BAF-B3D6-04B3CD44E2FC}.Release|Any CPU.Build.0 = Release|Any CPU
		{F7A37EDA-ED5F-46D9-B9EE-84824665D29C}.Debug|Any CPU.ActiveCfg = Debug|Any CPU
		{F7A37EDA-ED5F-46D9-B9EE-84824665D29C}.Debug|Any CPU.Build.0 = Debug|Any CPU
		{F7A37EDA-ED5F-46D9-B9EE-84824665D29C}.Release|Any CPU.ActiveCfg = Release|Any CPU
		{F7A37EDA-ED5F-46D9-B9EE-84824665D29C}.Release|Any CPU.Build.0 = Release|Any CPU
	EndGlobalSection
	GlobalSection(SolutionProperties) = preSolution
		HideSolutionNode = FALSE
	EndGlobalSection
	GlobalSection(ExtensibilityGlobals) = postSolution
		SolutionGuid = {3B0DCB2D-B7EB-47F0-B009-4C339BD05407}
	EndGlobalSection
EndGlobal
