
Microsoft Visual Studio Solution File, Format Version 12.00
# Visual Studio Version 16
VisualStudioVersion = 16.0.31702.278
MinimumVisualStudioVersion = 10.0.40219.1
Project("{9A19103F-16F7-4668-BE54-9A1E7A4F7556}") = "Vecka1", "Vecka1\Vecka1.csproj", "{94446971-0AB3-47EE-804D-CA9FA60186CF}"
EndProject
Project("{9A19103F-16F7-4668-BE54-9A1E7A4F7556}") = "Vecka2", "Vecka2\Vecka2.csproj", "{BBC429AF-E2AA-4125-BA40-140D2FAE62B2}"
EndProject
Project("{9A19103F-16F7-4668-BE54-9A1E7A4F7556}") = "Vecka3", "Vecka3\Vecka3.csproj", "{F50A649E-C5E4-41E6-884B-7B58EE4E7441}"
EndProject
Project("{9A19103F-16F7-4668-BE54-9A1E7A4F7556}") = "Vecka4", "Vecka4\Vecka4.csproj", "{30095DB2-0BEB-4BAF-B3D6-04B3CD44E2FC}"
EndProject
Project("{9A19103F-16F7-4668-BE54-9A1E7A4F7556}") = "Vecka5", "Vecka5\Vecka5.csproj", "{F7A37EDA-ED5F-46D9-B9EE-84824665D29C}"
EndProject
Project("{2150E333-8FDC-42A3-9474-1A3956D46DE8}") = "Solution Items", "Solution Items", "{DC5B4AD3-C3F0-462F-BD1E-6E437C4E8A65}"
	ProjectSection(SolutionItems) = preProject
		Naming.md = Naming.md
		NamingConventions.md = NamingConventions.md
	EndProjectSection
EndProject
Project("{9A19103F-16F7-4668-BE54-9A1E7A4F7556}") = "Vecka6", "Vecka6\Vecka6.csproj", "{07329000-398A-495D-8CA8-9BE32EB69F5C}"
EndProject
Project("{9A19103F-16F7-4668-BE54-9A1E7A4F7556}") = "Vecka7", "Vecka7\Vecka7.csproj", "{732AA045-65AC-4C53-B4EB-A9886385AD7B}"
EndProject
Project("{9A19103F-16F7-4668-BE54-9A1E7A4F7556}") = "Vecka8", "Vecka8\Vecka8.csproj", "{136F5782-DB59-4BDD-85E2-FED79F3CFB76}"
EndProject
Project("{9A19103F-16F7-4668-BE54-9A1E7A4F7556}") = "Vecka9", "Vecka9\Vecka9.csproj", "{7369565C-A730-4D8C-A51E-1308B2A6C8AD}"
EndProject
Project("{9A19103F-16F7-4668-BE54-9A1E7A4F7556}") = "Vecka10", "Vecka10\Vecka10.csproj", "{4CF5E36D-5884-4C68-9343-EED94CB5D44B}"
EndProject
Project("{FAE04EC0-301F-11D3-BF4B-00C04F79EFBC}") = "Vecka11", "Vecka11\Vecka11.csproj", "{E01D341B-88F5-457E-B776-3E371E6558D2}"
EndProject
Global
	GlobalSection(SolutionConfigurationPlatforms) = preSolution
		Debug|Any CPU = Debug|Any CPU
		Release|Any CPU = Release|Any CPU
	EndGlobalSection
	GlobalSection(ProjectConfigurationPlatforms) = postSolution
		{94446971-0AB3-47EE-804D-CA9FA60186CF}.Debug|Any CPU.ActiveCfg = Debug|Any CPU
		{94446971-0AB3-47EE-804D-CA9FA60186CF}.Debug|Any CPU.Build.0 = Debug|Any CPU
		{94446971-0AB3-47EE-804D-CA9FA60186CF}.Release|Any CPU.ActiveCfg = Release|Any CPU
		{94446971-0AB3-47EE-804D-CA9FA60186CF}.Release|Any CPU.Build.0 = Release|Any CPU
		{BBC429AF-E2AA-4125-BA40-140D2FAE62B2}.Debug|Any CPU.ActiveCfg = Debug|Any CPU
		{BBC429AF-E2AA-4125-BA40-140D2FAE62B2}.Debug|Any CPU.Build.0 = Debug|Any CPU
		{BBC429AF-E2AA-4125-BA40-140D2FAE62B2}.Release|Any CPU.ActiveCfg = Release|Any CPU
		{BBC429AF-E2AA-4125-BA40-140D2FAE62B2}.Release|Any CPU.Build.0 = Release|Any CPU
		{F50A649E-C5E4-41E6-884B-7B58EE4E7441}.Debug|Any CPU.ActiveCfg = Debug|Any CPU
		{F50A649E-C5E4-41E6-884B-7B58EE4E7441}.Debug|Any CPU.Build.0 = Debug|Any CPU
		{F50A649E-C5E4-41E6-884B-7B58EE4E7441}.Release|Any CPU.ActiveCfg = Release|Any CPU
		{F50A649E-C5E4-41E6-884B-7B58EE4E7441}.Release|Any CPU.Build.0 = Release|Any CPU
		{30095DB2-0BEB-4BAF-B3D6-04B3CD44E2FC}.Debug|Any CPU.ActiveCfg = Debug|Any CPU
		{30095DB2-0BEB-4BAF-B3D6-04B3CD44E2FC}.Debug|Any CPU.Build.0 = Debug|Any CPU
		{30095DB2-0BEB-4BAF-B3D6-04B3CD44E2FC}.Release|Any CPU.ActiveCfg = Release|Any CPU
		{30095DB2-0BEB-4BAF-B3D6-04B3CD44E2FC}.Release|Any CPU.Build.0 = Release|Any CPU
		{F7A37EDA-ED5F-46D9-B9EE-84824665D29C}.Debug|Any CPU.ActiveCfg = Debug|Any CPU
		{F7A37EDA-ED5F-46D9-B9EE-84824665D29C}.Debug|Any CPU.Build.0 = Debug|Any CPU
		{F7A37EDA-ED5F-46D9-B9EE-84824665D29C}.Release|Any CPU.ActiveCfg = Release|Any CPU
		{F7A37EDA-ED5F-46D9-B9EE-84824665D29C}.Release|Any CPU.Build.0 = Release|Any CPU
		{07329000-398A-495D-8CA8-9BE32EB69F5C}.Debug|Any CPU.ActiveCfg = Debug|Any CPU
		{07329000-398A-495D-8CA8-9BE32EB69F5C}.Debug|Any CPU.Build.0 = Debug|Any CPU
		{07329000-398A-495D-8CA8-9BE32EB69F5C}.Release|Any CPU.ActiveCfg = Release|Any CPU
		{07329000-398A-495D-8CA8-9BE32EB69F5C}.Release|Any CPU.Build.0 = Release|Any CPU
		{732AA045-65AC-4C53-B4EB-A9886385AD7B}.Debug|Any CPU.ActiveCfg = Debug|Any CPU
		{732AA045-65AC-4C53-B4EB-A9886385AD7B}.Debug|Any CPU.Build.0 = Debug|Any CPU
		{732AA045-65AC-4C53-B4EB-A9886385AD7B}.Release|Any CPU.ActiveCfg = Release|Any CPU
		{732AA045-65AC-4C53-B4EB-A9886385AD7B}.Release|Any CPU.Build.0 = Release|Any CPU
		{136F5782-DB59-4BDD-85E2-FED79F3CFB76}.Debug|Any CPU.ActiveCfg = Debug|Any CPU
		{136F5782-DB59-4BDD-85E2-FED79F3CFB76}.Debug|Any CPU.Build.0 = Debug|Any CPU
		{136F5782-DB59-4BDD-85E2-FED79F3CFB76}.Release|Any CPU.ActiveCfg = Release|Any CPU
		{136F5782-DB59-4BDD-85E2-FED79F3CFB76}.Release|Any CPU.Build.0 = Release|Any CPU
		{7369565C-A730-4D8C-A51E-1308B2A6C8AD}.Debug|Any CPU.ActiveCfg = Debug|Any CPU
		{7369565C-A730-4D8C-A51E-1308B2A6C8AD}.Debug|Any CPU.Build.0 = Debug|Any CPU
		{7369565C-A730-4D8C-A51E-1308B2A6C8AD}.Release|Any CPU.ActiveCfg = Release|Any CPU
		{7369565C-A730-4D8C-A51E-1308B2A6C8AD}.Release|Any CPU.Build.0 = Release|Any CPU
		{4CF5E36D-5884-4C68-9343-EED94CB5D44B}.Debug|Any CPU.ActiveCfg = Debug|Any CPU
		{4CF5E36D-5884-4C68-9343-EED94CB5D44B}.Debug|Any CPU.Build.0 = Debug|Any CPU
		{4CF5E36D-5884-4C68-9343-EED94CB5D44B}.Release|Any CPU.ActiveCfg = Release|Any CPU
		{4CF5E36D-5884-4C68-9343-EED94CB5D44B}.Release|Any CPU.Build.0 = Release|Any CPU
		{E01D341B-88F5-457E-B776-3E371E6558D2}.Debug|Any CPU.ActiveCfg = Debug|Any CPU
		{E01D341B-88F5-457E-B776-3E371E6558D2}.Debug|Any CPU.Build.0 = Debug|Any CPU
		{E01D341B-88F5-457E-B776-3E371E6558D2}.Release|Any CPU.ActiveCfg = Release|Any CPU
		{E01D341B-88F5-457E-B776-3E371E6558D2}.Release|Any CPU.Build.0 = Release|Any CPU
	EndGlobalSection
	GlobalSection(SolutionProperties) = preSolution
		HideSolutionNode = FALSE
	EndGlobalSection
	GlobalSection(ExtensibilityGlobals) = postSolution
		SolutionGuid = {3B0DCB2D-B7EB-47F0-B009-4C339BD05407}
	EndGlobalSection
EndGlobal
