
Microsoft Visual Studio Solution File, Format Version 12.00
# Visual Studio Version 16
VisualStudioVersion = 16.0.31702.278
MinimumVisualStudioVersion = 10.0.40219.1
Project("{FAE04EC0-301F-11D3-BF4B-00C04F79EFBC}") = "Vecka1", "Vecka1\Vecka1.csproj", "{A9D9B574-22C4-4E81-882A-6B4293178288}"
EndProject
Global
	GlobalSection(SolutionConfigurationPlatforms) = preSolution
		Debug|Any CPU = Debug|Any CPU
		Release|Any CPU = Release|Any CPU
	EndGlobalSection
	GlobalSection(ProjectConfigurationPlatforms) = postSolution
		{A9D9B574-22C4-4E81-882A-6B4293178288}.Debug|Any CPU.ActiveCfg = Debug|Any CPU
		{A9D9B574-22C4-4E81-882A-6B4293178288}.Debug|Any CPU.Build.0 = Debug|Any CPU
		{A9D9B574-22C4-4E81-882A-6B4293178288}.Release|Any CPU.ActiveCfg = Release|Any CPU
		{A9D9B574-22C4-4E81-882A-6B4293178288}.Release|Any CPU.Build.0 = Release|Any CPU
	EndGlobalSection
	GlobalSection(SolutionProperties) = preSolution
		HideSolutionNode = FALSE
	EndGlobalSection
	GlobalSection(ExtensibilityGlobals) = postSolution
		SolutionGuid = {2E8C9495-8839-424A-8964-5AD645868680}
	EndGlobalSection
EndGlobal
